
Microsoft Visual Studio Solution File, Format Version 12.00
# Visual Studio 2013
VisualStudioVersion = 12.0.40629.0
MinimumVisualStudioVersion = 10.0.40219.1
Project("{8BC9CEB8-8B4A-11D0-8D11-00A0C91BC942}") = "demo", "demo\demo.vcxproj", "{39C12643-CEFE-4494-87F8-529FED3E7E07}"
EndProject
Project("{8BC9CEB8-8B4A-11D0-8D11-00A0C91BC942}") = "demo_Pcap", "demo_Pcap\demo_Pcap.vcxproj", "{82BAD302-1D20-4267-8C26-F8B47199B715}"
EndProject
Project("{8BC9CEB8-8B4A-11D0-8D11-00A0C91BC942}") = "demo_PCL", "demo_PCL\dem_PCL.vcxproj", "{36FBE3C2-47F6-4114-8AA9-EB3D1559AA23}"
EndProject
Global
	GlobalSection(SolutionConfigurationPlatforms) = preSolution
		Debug|Win32 = Debug|Win32
		Release|Win32 = Release|Win32
	EndGlobalSection
	GlobalSection(ProjectConfigurationPlatforms) = postSolution
		{39C12643-CEFE-4494-87F8-529FED3E7E07}.Debug|Win32.ActiveCfg = Debug|Win32
		{39C12643-CEFE-4494-87F8-529FED3E7E07}.Debug|Win32.Build.0 = Debug|Win32
		{39C12643-CEFE-4494-87F8-529FED3E7E07}.Release|Win32.ActiveCfg = Release|Win32
		{39C12643-CEFE-4494-87F8-529FED3E7E07}.Release|Win32.Build.0 = Release|Win32
		{82BAD302-1D20-4267-8C26-F8B47199B715}.Debug|Win32.ActiveCfg = Debug|Win32
		{82BAD302-1D20-4267-8C26-F8B47199B715}.Debug|Win32.Build.0 = Debug|Win32
		{82BAD302-1D20-4267-8C26-F8B47199B715}.Release|Win32.ActiveCfg = Release|Win32
		{82BAD302-1D20-4267-8C26-F8B47199B715}.Release|Win32.Build.0 = Release|Win32
		{36FBE3C2-47F6-4114-8AA9-EB3D1559AA23}.Debug|Win32.ActiveCfg = Debug|Win32
		{36FBE3C2-47F6-4114-8AA9-EB3D1559AA23}.Debug|Win32.Build.0 = Debug|Win32
		{36FBE3C2-47F6-4114-8AA9-EB3D1559AA23}.Release|Win32.ActiveCfg = Release|Win32
		{36FBE3C2-47F6-4114-8AA9-EB3D1559AA23}.Release|Win32.Build.0 = Release|Win32
	EndGlobalSection
	GlobalSection(SolutionProperties) = preSolution
		HideSolutionNode = FALSE
	EndGlobalSection
EndGlobal
